// !$*UTF8*$!
{
	archiveVersion = 1;
	classes = {
	};
	objectVersion = 50;
	objects = {

/* Begin PBXBuildFile section */
		A8546013222596980019B11F /* SignupVC.swift in Sources */ = {isa = PBXBuildFile; fileRef = A8546012222596980019B11F /* SignupVC.swift */; };
		A8546015222596B40019B11F /* SigninVC.swift in Sources */ = {isa = PBXBuildFile; fileRef = A8546014222596B40019B11F /* SigninVC.swift */; };
		A874DF5C2225A60300B77FCB /* User.swift in Sources */ = {isa = PBXBuildFile; fileRef = A874DF5B2225A60300B77FCB /* User.swift */; };
		A874DF5E2225B2EA00B77FCB /* GoogleService-Info.plist in Resources */ = {isa = PBXBuildFile; fileRef = A874DF5D2225B2EA00B77FCB /* GoogleService-Info.plist */; };
		A8FD8E0C2224901C00C7F62C /* AppDelegate.swift in Sources */ = {isa = PBXBuildFile; fileRef = A8FD8E0B2224901C00C7F62C /* AppDelegate.swift */; };
		A8FD8E112224901C00C7F62C /* Main.storyboard in Resources */ = {isa = PBXBuildFile; fileRef = A8FD8E0F2224901C00C7F62C /* Main.storyboard */; };
		A8FD8E132224901E00C7F62C /* Assets.xcassets in Resources */ = {isa = PBXBuildFile; fileRef = A8FD8E122224901E00C7F62C /* Assets.xcassets */; };
		A8FD8E162224901E00C7F62C /* LaunchScreen.storyboard in Resources */ = {isa = PBXBuildFile; fileRef = A8FD8E142224901E00C7F62C /* LaunchScreen.storyboard */; };
		A8FD8E212224901E00C7F62C /* SoftwareEngineeringTwitterAppTests.swift in Sources */ = {isa = PBXBuildFile; fileRef = A8FD8E202224901E00C7F62C /* SoftwareEngineeringTwitterAppTests.swift */; };
		A8FD8E2C222497AD00C7F62C /* MainTabbarController.swift in Sources */ = {isa = PBXBuildFile; fileRef = A8FD8E2B222497AD00C7F62C /* MainTabbarController.swift */; };
		A8FD8E3122249B0900C7F62C /* HomeFeedVC.swift in Sources */ = {isa = PBXBuildFile; fileRef = A8FD8E3022249B0900C7F62C /* HomeFeedVC.swift */; };
		A8FD8E3322249B1C00C7F62C /* SearchVC.swift in Sources */ = {isa = PBXBuildFile; fileRef = A8FD8E3222249B1C00C7F62C /* SearchVC.swift */; };
		A8FD8E3522249B2D00C7F62C /* ProfileVC.swift in Sources */ = {isa = PBXBuildFile; fileRef = A8FD8E3422249B2D00C7F62C /* ProfileVC.swift */; };
		F0FA0C34079E3AD0870BF0EC /* Pods_SoftwareEngineeringTwitterApp.framework in Frameworks */ = {isa = PBXBuildFile; fileRef = 21781D5A312A5C782BF519BD /* Pods_SoftwareEngineeringTwitterApp.framework */; };
/* End PBXBuildFile section */

/* Begin PBXContainerItemProxy section */
		A8FD8E1D2224901E00C7F62C /* PBXContainerItemProxy */ = {
			isa = PBXContainerItemProxy;
			containerPortal = A8FD8E002224901C00C7F62C /* Project object */;
			proxyType = 1;
			remoteGlobalIDString = A8FD8E072224901C00C7F62C;
			remoteInfo = SoftwareEngineeringTwitterApp;
		};
/* End PBXContainerItemProxy section */

/* Begin PBXFileReference section */
		21781D5A312A5C782BF519BD /* Pods_SoftwareEngineeringTwitterApp.framework */ = {isa = PBXFileReference; explicitFileType = wrapper.framework; includeInIndex = 0; path = Pods_SoftwareEngineeringTwitterApp.framework; sourceTree = BUILT_PRODUCTS_DIR; };
		7D28D7F8416FF28EA90BBF81 /* Pods-SoftwareEngineeringTwitterApp.debug.xcconfig */ = {isa = PBXFileReference; includeInIndex = 1; lastKnownFileType = text.xcconfig; name = "Pods-SoftwareEngineeringTwitterApp.debug.xcconfig"; path = "Target Support Files/Pods-SoftwareEngineeringTwitterApp/Pods-SoftwareEngineeringTwitterApp.debug.xcconfig"; sourceTree = "<group>"; };
		A8546012222596980019B11F /* SignupVC.swift */ = {isa = PBXFileReference; lastKnownFileType = sourcecode.swift; path = SignupVC.swift; sourceTree = "<group>"; };
		A8546014222596B40019B11F /* SigninVC.swift */ = {isa = PBXFileReference; lastKnownFileType = sourcecode.swift; path = SigninVC.swift; sourceTree = "<group>"; };
		A874DF5B2225A60300B77FCB /* User.swift */ = {isa = PBXFileReference; lastKnownFileType = sourcecode.swift; path = User.swift; sourceTree = "<group>"; };
		A874DF5D2225B2EA00B77FCB /* GoogleService-Info.plist */ = {isa = PBXFileReference; fileEncoding = 4; lastKnownFileType = text.plist.xml; path = "GoogleService-Info.plist"; sourceTree = "<group>"; };
		A8FD8E082224901C00C7F62C /* SoftwareEngineeringTwitterApp.app */ = {isa = PBXFileReference; explicitFileType = wrapper.application; includeInIndex = 0; path = SoftwareEngineeringTwitterApp.app; sourceTree = BUILT_PRODUCTS_DIR; };
		A8FD8E0B2224901C00C7F62C /* AppDelegate.swift */ = {isa = PBXFileReference; lastKnownFileType = sourcecode.swift; path = AppDelegate.swift; sourceTree = "<group>"; };
		A8FD8E102224901C00C7F62C /* Base */ = {isa = PBXFileReference; lastKnownFileType = file.storyboard; name = Base; path = Base.lproj/Main.storyboard; sourceTree = "<group>"; };
		A8FD8E122224901E00C7F62C /* Assets.xcassets */ = {isa = PBXFileReference; lastKnownFileType = folder.assetcatalog; path = Assets.xcassets; sourceTree = "<group>"; };
		A8FD8E152224901E00C7F62C /* Base */ = {isa = PBXFileReference; lastKnownFileType = file.storyboard; name = Base; path = Base.lproj/LaunchScreen.storyboard; sourceTree = "<group>"; };
		A8FD8E172224901E00C7F62C /* Info.plist */ = {isa = PBXFileReference; lastKnownFileType = text.plist.xml; path = Info.plist; sourceTree = "<group>"; };
		A8FD8E1C2224901E00C7F62C /* SoftwareEngineeringTwitterAppTests.xctest */ = {isa = PBXFileReference; explicitFileType = wrapper.cfbundle; includeInIndex = 0; path = SoftwareEngineeringTwitterAppTests.xctest; sourceTree = BUILT_PRODUCTS_DIR; };
		A8FD8E202224901E00C7F62C /* SoftwareEngineeringTwitterAppTests.swift */ = {isa = PBXFileReference; lastKnownFileType = sourcecode.swift; path = SoftwareEngineeringTwitterAppTests.swift; sourceTree = "<group>"; };
		A8FD8E222224901E00C7F62C /* Info.plist */ = {isa = PBXFileReference; lastKnownFileType = text.plist.xml; path = Info.plist; sourceTree = "<group>"; };
		A8FD8E2B222497AD00C7F62C /* MainTabbarController.swift */ = {isa = PBXFileReference; lastKnownFileType = sourcecode.swift; path = MainTabbarController.swift; sourceTree = "<group>"; };
		A8FD8E3022249B0900C7F62C /* HomeFeedVC.swift */ = {isa = PBXFileReference; lastKnownFileType = sourcecode.swift; path = HomeFeedVC.swift; sourceTree = "<group>"; };
		A8FD8E3222249B1C00C7F62C /* SearchVC.swift */ = {isa = PBXFileReference; lastKnownFileType = sourcecode.swift; path = SearchVC.swift; sourceTree = "<group>"; };
		A8FD8E3422249B2D00C7F62C /* ProfileVC.swift */ = {isa = PBXFileReference; lastKnownFileType = sourcecode.swift; path = ProfileVC.swift; sourceTree = "<group>"; };
		D5DFB43BD1D4539CAAE41025 /* Pods-SoftwareEngineeringTwitterApp.release.xcconfig */ = {isa = PBXFileReference; includeInIndex = 1; lastKnownFileType = text.xcconfig; name = "Pods-SoftwareEngineeringTwitterApp.release.xcconfig"; path = "Target Support Files/Pods-SoftwareEngineeringTwitterApp/Pods-SoftwareEngineeringTwitterApp.release.xcconfig"; sourceTree = "<group>"; };
/* End PBXFileReference section */

/* Begin PBXFrameworksBuildPhase section */
		A8FD8E052224901C00C7F62C /* Frameworks */ = {
			isa = PBXFrameworksBuildPhase;
			buildActionMask = 2147483647;
			files = (
				F0FA0C34079E3AD0870BF0EC /* Pods_SoftwareEngineeringTwitterApp.framework in Frameworks */,
			);
			runOnlyForDeploymentPostprocessing = 0;
		};
		A8FD8E192224901E00C7F62C /* Frameworks */ = {
			isa = PBXFrameworksBuildPhase;
			buildActionMask = 2147483647;
			files = (
			);
			runOnlyForDeploymentPostprocessing = 0;
		};
/* End PBXFrameworksBuildPhase section */

/* Begin PBXGroup section */
		A8FD8DFF2224901C00C7F62C = {
			isa = PBXGroup;
			children = (
				A8FD8E0A2224901C00C7F62C /* SoftwareEngineeringTwitterApp */,
				A8FD8E1F2224901E00C7F62C /* SoftwareEngineeringTwitterAppTests */,
				A8FD8E092224901C00C7F62C /* Products */,
				DF4DD3532E15BF703491D5E6 /* Pods */,
				D4025D3171ED163B07E710F9 /* Frameworks */,
			);
			sourceTree = "<group>";
		};
		A8FD8E092224901C00C7F62C /* Products */ = {
			isa = PBXGroup;
			children = (
				A8FD8E082224901C00C7F62C /* SoftwareEngineeringTwitterApp.app */,
				A8FD8E1C2224901E00C7F62C /* SoftwareEngineeringTwitterAppTests.xctest */,
			);
			name = Products;
			sourceTree = "<group>";
		};
		A8FD8E0A2224901C00C7F62C /* SoftwareEngineeringTwitterApp */ = {
			isa = PBXGroup;
			children = (
				A8FD8E2F222497CB00C7F62C /* Model */,
				A8FD8E2E222497C800C7F62C /* View */,
				A8FD8E2D222497C500C7F62C /* Controller */,
				A8FD8E0B2224901C00C7F62C /* AppDelegate.swift */,
				A8FD8E0F2224901C00C7F62C /* Main.storyboard */,
				A8FD8E122224901E00C7F62C /* Assets.xcassets */,
				A8FD8E142224901E00C7F62C /* LaunchScreen.storyboard */,
				A874DF5D2225B2EA00B77FCB /* GoogleService-Info.plist */,
				A8FD8E172224901E00C7F62C /* Info.plist */,
			);
			path = SoftwareEngineeringTwitterApp;
			sourceTree = "<group>";
		};
		A8FD8E1F2224901E00C7F62C /* SoftwareEngineeringTwitterAppTests */ = {
			isa = PBXGroup;
			children = (
				A8FD8E202224901E00C7F62C /* SoftwareEngineeringTwitterAppTests.swift */,
				A8FD8E222224901E00C7F62C /* Info.plist */,
			);
			path = SoftwareEngineeringTwitterAppTests;
			sourceTree = "<group>";
		};
		A8FD8E2D222497C500C7F62C /* Controller */ = {
			isa = PBXGroup;
			children = (
				A8FD8E2B222497AD00C7F62C /* MainTabbarController.swift */,
				A8FD8E3022249B0900C7F62C /* HomeFeedVC.swift */,
				A8FD8E3222249B1C00C7F62C /* SearchVC.swift */,
				A8FD8E3422249B2D00C7F62C /* ProfileVC.swift */,
				A8546014222596B40019B11F /* SigninVC.swift */,
				A8546012222596980019B11F /* SignupVC.swift */,
			);
			path = Controller;
			sourceTree = "<group>";
		};
		A8FD8E2E222497C800C7F62C /* View */ = {
			isa = PBXGroup;
			children = (
			);
			path = View;
			sourceTree = "<group>";
		};
		A8FD8E2F222497CB00C7F62C /* Model */ = {
			isa = PBXGroup;
			children = (
				A874DF5B2225A60300B77FCB /* User.swift */,
			);
			path = Model;
			sourceTree = "<group>";
		};
		D4025D3171ED163B07E710F9 /* Frameworks */ = {
			isa = PBXGroup;
			children = (
				21781D5A312A5C782BF519BD /* Pods_SoftwareEngineeringTwitterApp.framework */,
			);
			name = Frameworks;
			sourceTree = "<group>";
		};
		DF4DD3532E15BF703491D5E6 /* Pods */ = {
			isa = PBXGroup;
			children = (
				7D28D7F8416FF28EA90BBF81 /* Pods-SoftwareEngineeringTwitterApp.debug.xcconfig */,
				D5DFB43BD1D4539CAAE41025 /* Pods-SoftwareEngineeringTwitterApp.release.xcconfig */,
			);
			path = Pods;
			sourceTree = "<group>";
		};
/* End PBXGroup section */

/* Begin PBXNativeTarget section */
		A8FD8E072224901C00C7F62C /* SoftwareEngineeringTwitterApp */ = {
			isa = PBXNativeTarget;
			buildConfigurationList = A8FD8E252224901E00C7F62C /* Build configuration list for PBXNativeTarget "SoftwareEngineeringTwitterApp" */;
			buildPhases = (
				FB3C6D43ACD02723ECCA6D82 /* [CP] Check Pods Manifest.lock */,
				A8FD8E042224901C00C7F62C /* Sources */,
				A8FD8E052224901C00C7F62C /* Frameworks */,
				A8FD8E062224901C00C7F62C /* Resources */,
				F94B585008CBEF9FDEFAC1F6 /* [CP] Embed Pods Frameworks */,
			);
			buildRules = (
			);
			dependencies = (
			);
			name = SoftwareEngineeringTwitterApp;
			productName = SoftwareEngineeringTwitterApp;
			productReference = A8FD8E082224901C00C7F62C /* SoftwareEngineeringTwitterApp.app */;
			productType = "com.apple.product-type.application";
		};
		A8FD8E1B2224901E00C7F62C /* SoftwareEngineeringTwitterAppTests */ = {
			isa = PBXNativeTarget;
			buildConfigurationList = A8FD8E282224901E00C7F62C /* Build configuration list for PBXNativeTarget "SoftwareEngineeringTwitterAppTests" */;
			buildPhases = (
				A8FD8E182224901E00C7F62C /* Sources */,
				A8FD8E192224901E00C7F62C /* Frameworks */,
				A8FD8E1A2224901E00C7F62C /* Resources */,
			);
			buildRules = (
			);
			dependencies = (
				A8FD8E1E2224901E00C7F62C /* PBXTargetDependency */,
			);
			name = SoftwareEngineeringTwitterAppTests;
			productName = SoftwareEngineeringTwitterAppTests;
			productReference = A8FD8E1C2224901E00C7F62C /* SoftwareEngineeringTwitterAppTests.xctest */;
			productType = "com.apple.product-type.bundle.unit-test";
		};
/* End PBXNativeTarget section */

/* Begin PBXProject section */
		A8FD8E002224901C00C7F62C /* Project object */ = {
			isa = PBXProject;
			attributes = {
				LastSwiftUpdateCheck = 1010;
				LastUpgradeCheck = 1010;
				ORGANIZATIONNAME = "Burak Akin";
				TargetAttributes = {
					A8FD8E072224901C00C7F62C = {
						CreatedOnToolsVersion = 10.1;
					};
					A8FD8E1B2224901E00C7F62C = {
						CreatedOnToolsVersion = 10.1;
						TestTargetID = A8FD8E072224901C00C7F62C;
					};
				};
			};
			buildConfigurationList = A8FD8E032224901C00C7F62C /* Build configuration list for PBXProject "SoftwareEngineeringTwitterApp" */;
			compatibilityVersion = "Xcode 9.3";
			developmentRegion = en;
			hasScannedForEncodings = 0;
			knownRegions = (
				en,
				Base,
			);
			mainGroup = A8FD8DFF2224901C00C7F62C;
			productRefGroup = A8FD8E092224901C00C7F62C /* Products */;
			projectDirPath = "";
			projectRoot = "";
			targets = (
				A8FD8E072224901C00C7F62C /* SoftwareEngineeringTwitterApp */,
				A8FD8E1B2224901E00C7F62C /* SoftwareEngineeringTwitterAppTests */,
			);
		};
/* End PBXProject section */

/* Begin PBXResourcesBuildPhase section */
		A8FD8E062224901C00C7F62C /* Resources */ = {
			isa = PBXResourcesBuildPhase;
			buildActionMask = 2147483647;
			files = (
				A8FD8E162224901E00C7F62C /* LaunchScreen.storyboard in Resources */,
				A874DF5E2225B2EA00B77FCB /* GoogleService-Info.plist in Resources */,
				A8FD8E132224901E00C7F62C /* Assets.xcassets in Resources */,
				A8FD8E112224901C00C7F62C /* Main.storyboard in Resources */,
			);
			runOnlyForDeploymentPostprocessing = 0;
		};
		A8FD8E1A2224901E00C7F62C /* Resources */ = {
			isa = PBXResourcesBuildPhase;
			buildActionMask = 2147483647;
			files = (
			);
			runOnlyForDeploymentPostprocessing = 0;
		};
/* End PBXResourcesBuildPhase section */

/* Begin PBXShellScriptBuildPhase section */
		F94B585008CBEF9FDEFAC1F6 /* [CP] Embed Pods Frameworks */ = {
			isa = PBXShellScriptBuildPhase;
			buildActionMask = 2147483647;
			files = (
			);
			inputFileListPaths = (
			);
			inputPaths = (
				"${PODS_ROOT}/Target Support Files/Pods-SoftwareEngineeringTwitterApp/Pods-SoftwareEngineeringTwitterApp-frameworks.sh",
				"${BUILT_PRODUCTS_DIR}/BoringSSL/openssl.framework",
				"${BUILT_PRODUCTS_DIR}/GTMSessionFetcher/GTMSessionFetcher.framework",
				"${BUILT_PRODUCTS_DIR}/GoogleToolboxForMac/GoogleToolboxForMac.framework",
				"${BUILT_PRODUCTS_DIR}/Protobuf/Protobuf.framework",
				"${BUILT_PRODUCTS_DIR}/gRPC/GRPCClient.framework",
				"${BUILT_PRODUCTS_DIR}/gRPC-Core/grpc.framework",
				"${BUILT_PRODUCTS_DIR}/gRPC-ProtoRPC/ProtoRPC.framework",
				"${BUILT_PRODUCTS_DIR}/gRPC-RxLibrary/RxLibrary.framework",
				"${BUILT_PRODUCTS_DIR}/leveldb-library/leveldb.framework",
				"${BUILT_PRODUCTS_DIR}/nanopb/nanopb.framework",
			);
			name = "[CP] Embed Pods Frameworks";
			outputFileListPaths = (
			);
			outputPaths = (
				"${TARGET_BUILD_DIR}/${FRAMEWORKS_FOLDER_PATH}/openssl.framework",
				"${TARGET_BUILD_DIR}/${FRAMEWORKS_FOLDER_PATH}/GTMSessionFetcher.framework",
				"${TARGET_BUILD_DIR}/${FRAMEWORKS_FOLDER_PATH}/GoogleToolboxForMac.framework",
				"${TARGET_BUILD_DIR}/${FRAMEWORKS_FOLDER_PATH}/Protobuf.framework",
				"${TARGET_BUILD_DIR}/${FRAMEWORKS_FOLDER_PATH}/GRPCClient.framework",
				"${TARGET_BUILD_DIR}/${FRAMEWORKS_FOLDER_PATH}/grpc.framework",
				"${TARGET_BUILD_DIR}/${FRAMEWORKS_FOLDER_PATH}/ProtoRPC.framework",
				"${TARGET_BUILD_DIR}/${FRAMEWORKS_FOLDER_PATH}/RxLibrary.framework",
				"${TARGET_BUILD_DIR}/${FRAMEWORKS_FOLDER_PATH}/leveldb.framework",
				"${TARGET_BUILD_DIR}/${FRAMEWORKS_FOLDER_PATH}/nanopb.framework",
			);
			runOnlyForDeploymentPostprocessing = 0;
			shellPath = /bin/sh;
			shellScript = "\"${PODS_ROOT}/Target Support Files/Pods-SoftwareEngineeringTwitterApp/Pods-SoftwareEngineeringTwitterApp-frameworks.sh\"\n";
			showEnvVarsInLog = 0;
		};
		FB3C6D43ACD02723ECCA6D82 /* [CP] Check Pods Manifest.lock */ = {
			isa = PBXShellScriptBuildPhase;
			buildActionMask = 2147483647;
			files = (
			);
			inputFileListPaths = (
			);
			inputPaths = (
				"${PODS_PODFILE_DIR_PATH}/Podfile.lock",
				"${PODS_ROOT}/Manifest.lock",
			);
			name = "[CP] Check Pods Manifest.lock";
			outputFileListPaths = (
			);
			outputPaths = (
				"$(DERIVED_FILE_DIR)/Pods-SoftwareEngineeringTwitterApp-checkManifestLockResult.txt",
			);
			runOnlyForDeploymentPostprocessing = 0;
			shellPath = /bin/sh;
			shellScript = "diff \"${PODS_PODFILE_DIR_PATH}/Podfile.lock\" \"${PODS_ROOT}/Manifest.lock\" > /dev/null\nif [ $? != 0 ] ; then\n    # print error to STDERR\n    echo \"error: The sandbox is not in sync with the Podfile.lock. Run 'pod install' or update your CocoaPods installation.\" >&2\n    exit 1\nfi\n# This output is used by Xcode 'outputs' to avoid re-running this script phase.\necho \"SUCCESS\" > \"${SCRIPT_OUTPUT_FILE_0}\"\n";
			showEnvVarsInLog = 0;
		};
/* End PBXShellScriptBuildPhase section */

/* Begin PBXSourcesBuildPhase section */
		A8FD8E042224901C00C7F62C /* Sources */ = {
			isa = PBXSourcesBuildPhase;
			buildActionMask = 2147483647;
			files = (
				A8546013222596980019B11F /* SignupVC.swift in Sources */,
				A8FD8E3522249B2D00C7F62C /* ProfileVC.swift in Sources */,
				A8FD8E3322249B1C00C7F62C /* SearchVC.swift in Sources */,
				A8FD8E3122249B0900C7F62C /* HomeFeedVC.swift in Sources */,
				A874DF5C2225A60300B77FCB /* User.swift in Sources */,
				A8FD8E0C2224901C00C7F62C /* AppDelegate.swift in Sources */,
				A8546015222596B40019B11F /* SigninVC.swift in Sources */,
				A8FD8E2C222497AD00C7F62C /* MainTabbarController.swift in Sources */,
			);
			runOnlyForDeploymentPostprocessing = 0;
		};
		A8FD8E182224901E00C7F62C /* Sources */ = {
			isa = PBXSourcesBuildPhase;
			buildActionMask = 2147483647;
			files = (
				A8FD8E212224901E00C7F62C /* SoftwareEngineeringTwitterAppTests.swift in Sources */,
			);
			runOnlyForDeploymentPostprocessing = 0;
		};
/* End PBXSourcesBuildPhase section */

/* Begin PBXTargetDependency section */
		A8FD8E1E2224901E00C7F62C /* PBXTargetDependency */ = {
			isa = PBXTargetDependency;
			target = A8FD8E072224901C00C7F62C /* SoftwareEngineeringTwitterApp */;
			targetProxy = A8FD8E1D2224901E00C7F62C /* PBXContainerItemProxy */;
		};
/* End PBXTargetDependency section */

/* Begin PBXVariantGroup section */
		A8FD8E0F2224901C00C7F62C /* Main.storyboard */ = {
			isa = PBXVariantGroup;
			children = (
				A8FD8E102224901C00C7F62C /* Base */,
			);
			name = Main.storyboard;
			sourceTree = "<group>";
		};
		A8FD8E142224901E00C7F62C /* LaunchScreen.storyboard */ = {
			isa = PBXVariantGroup;
			children = (
				A8FD8E152224901E00C7F62C /* Base */,
			);
			name = LaunchScreen.storyboard;
			sourceTree = "<group>";
		};
/* End PBXVariantGroup section */

/* Begin XCBuildConfiguration section */
		A8FD8E232224901E00C7F62C /* Debug */ = {
			isa = XCBuildConfiguration;
			buildSettings = {
				ALWAYS_SEARCH_USER_PATHS = NO;
				CLANG_ANALYZER_NONNULL = YES;
				CLANG_ANALYZER_NUMBER_OBJECT_CONVERSION = YES_AGGRESSIVE;
				CLANG_CXX_LANGUAGE_STANDARD = "gnu++14";
				CLANG_CXX_LIBRARY = "libc++";
				CLANG_ENABLE_MODULES = YES;
				CLANG_ENABLE_OBJC_ARC = YES;
				CLANG_ENABLE_OBJC_WEAK = YES;
				CLANG_WARN_BLOCK_CAPTURE_AUTORELEASING = YES;
				CLANG_WARN_BOOL_CONVERSION = YES;
				CLANG_WARN_COMMA = YES;
				CLANG_WARN_CONSTANT_CONVERSION = YES;
				CLANG_WARN_DEPRECATED_OBJC_IMPLEMENTATIONS = YES;
				CLANG_WARN_DIRECT_OBJC_ISA_USAGE = YES_ERROR;
				CLANG_WARN_DOCUMENTATION_COMMENTS = YES;
				CLANG_WARN_EMPTY_BODY = YES;
				CLANG_WARN_ENUM_CONVERSION = YES;
				CLANG_WARN_INFINITE_RECURSION = YES;
				CLANG_WARN_INT_CONVERSION = YES;
				CLANG_WARN_NON_LITERAL_NULL_CONVERSION = YES;
				CLANG_WARN_OBJC_IMPLICIT_RETAIN_SELF = YES;
				CLANG_WARN_OBJC_LITERAL_CONVERSION = YES;
				CLANG_WARN_OBJC_ROOT_CLASS = YES_ERROR;
				CLANG_WARN_RANGE_LOOP_ANALYSIS = YES;
				CLANG_WARN_STRICT_PROTOTYPES = YES;
				CLANG_WARN_SUSPICIOUS_MOVE = YES;
				CLANG_WARN_UNGUARDED_AVAILABILITY = YES_AGGRESSIVE;
				CLANG_WARN_UNREACHABLE_CODE = YES;
				CLANG_WARN__DUPLICATE_METHOD_MATCH = YES;
				CODE_SIGN_IDENTITY = "iPhone Developer";
				COPY_PHASE_STRIP = NO;
				DEBUG_INFORMATION_FORMAT = dwarf;
				ENABLE_STRICT_OBJC_MSGSEND = YES;
				ENABLE_TESTABILITY = YES;
				GCC_C_LANGUAGE_STANDARD = gnu11;
				GCC_DYNAMIC_NO_PIC = NO;
				GCC_NO_COMMON_BLOCKS = YES;
				GCC_OPTIMIZATION_LEVEL = 0;
				GCC_PREPROCESSOR_DEFINITIONS = (
					"DEBUG=1",
					"$(inherited)",
				);
				GCC_WARN_64_TO_32_BIT_CONVERSION = YES;
				GCC_WARN_ABOUT_RETURN_TYPE = YES_ERROR;
				GCC_WARN_UNDECLARED_SELECTOR = YES;
				GCC_WARN_UNINITIALIZED_AUTOS = YES_AGGRESSIVE;
				GCC_WARN_UNUSED_FUNCTION = YES;
				GCC_WARN_UNUSED_VARIABLE = YES;
				IPHONEOS_DEPLOYMENT_TARGET = 12.1;
				MTL_ENABLE_DEBUG_INFO = INCLUDE_SOURCE;
				MTL_FAST_MATH = YES;
				ONLY_ACTIVE_ARCH = YES;
				SDKROOT = iphoneos;
				SWIFT_ACTIVE_COMPILATION_CONDITIONS = DEBUG;
				SWIFT_OPTIMIZATION_LEVEL = "-Onone";
			};
			name = Debug;
		};
		A8FD8E242224901E00C7F62C /* Release */ = {
			isa = XCBuildConfiguration;
			buildSettings = {
				ALWAYS_SEARCH_USER_PATHS = NO;
				CLANG_ANALYZER_NONNULL = YES;
				CLANG_ANALYZER_NUMBER_OBJECT_CONVERSION = YES_AGGRESSIVE;
				CLANG_CXX_LANGUAGE_STANDARD = "gnu++14";
				CLANG_CXX_LIBRARY = "libc++";
				CLANG_ENABLE_MODULES = YES;
				CLANG_ENABLE_OBJC_ARC = YES;
				CLANG_ENABLE_OBJC_WEAK = YES;
				CLANG_WARN_BLOCK_CAPTURE_AUTORELEASING = YES;
				CLANG_WARN_BOOL_CONVERSION = YES;
				CLANG_WARN_COMMA = YES;
				CLANG_WARN_CONSTANT_CONVERSION = YES;
				CLANG_WARN_DEPRECATED_OBJC_IMPLEMENTATIONS = YES;
				CLANG_WARN_DIRECT_OBJC_ISA_USAGE = YES_ERROR;
				CLANG_WARN_DOCUMENTATION_COMMENTS = YES;
				CLANG_WARN_EMPTY_BODY = YES;
				CLANG_WARN_ENUM_CONVERSION = YES;
				CLANG_WARN_INFINITE_RECURSION = YES;
				CLANG_WARN_INT_CONVERSION = YES;
				CLANG_WARN_NON_LITERAL_NULL_CONVERSION = YES;
				CLANG_WARN_OBJC_IMPLICIT_RETAIN_SELF = YES;
				CLANG_WARN_OBJC_LITERAL_CONVERSION = YES;
				CLANG_WARN_OBJC_ROOT_CLASS = YES_ERROR;
				CLANG_WARN_RANGE_LOOP_ANALYSIS = YES;
				CLANG_WARN_STRICT_PROTOTYPES = YES;
				CLANG_WARN_SUSPICIOUS_MOVE = YES;
				CLANG_WARN_UNGUARDED_AVAILABILITY = YES_AGGRESSIVE;
				CLANG_WARN_UNREACHABLE_CODE = YES;
				CLANG_WARN__DUPLICATE_METHOD_MATCH = YES;
				CODE_SIGN_IDENTITY = "iPhone Developer";
				COPY_PHASE_STRIP = NO;
				DEBUG_INFORMATION_FORMAT = "dwarf-with-dsym";
				ENABLE_NS_ASSERTIONS = NO;
				ENABLE_STRICT_OBJC_MSGSEND = YES;
				GCC_C_LANGUAGE_STANDARD = gnu11;
				GCC_NO_COMMON_BLOCKS = YES;
				GCC_WARN_64_TO_32_BIT_CONVERSION = YES;
				GCC_WARN_ABOUT_RETURN_TYPE = YES_ERROR;
				GCC_WARN_UNDECLARED_SELECTOR = YES;
				GCC_WARN_UNINITIALIZED_AUTOS = YES_AGGRESSIVE;
				GCC_WARN_UNUSED_FUNCTION = YES;
				GCC_WARN_UNUSED_VARIABLE = YES;
				IPHONEOS_DEPLOYMENT_TARGET = 12.1;
				MTL_ENABLE_DEBUG_INFO = NO;
				MTL_FAST_MATH = YES;
				SDKROOT = iphoneos;
				SWIFT_COMPILATION_MODE = wholemodule;
				SWIFT_OPTIMIZATION_LEVEL = "-O";
				VALIDATE_PRODUCT = YES;
			};
			name = Release;
		};
		A8FD8E262224901E00C7F62C /* Debug */ = {
			isa = XCBuildConfiguration;
			baseConfigurationReference = 7D28D7F8416FF28EA90BBF81 /* Pods-SoftwareEngineeringTwitterApp.debug.xcconfig */;
			buildSettings = {
				ASSETCATALOG_COMPILER_APPICON_NAME = AppIcon;
				CODE_SIGN_STYLE = Automatic;
				DEVELOPMENT_TEAM = 97K3K7BYBU;
				INFOPLIST_FILE = SoftwareEngineeringTwitterApp/Info.plist;
				LD_RUNPATH_SEARCH_PATHS = (
					"$(inherited)",
					"@executable_path/Frameworks",
				);
				PRODUCT_BUNDLE_IDENTIFIER = com.example.SoftwareEngineeringTwitterApp;
				PRODUCT_NAME = "$(TARGET_NAME)";
				SWIFT_VERSION = 4.2;
				TARGETED_DEVICE_FAMILY = "1,2";
			};
			name = Debug;
		};
		A8FD8E272224901E00C7F62C /* Release */ = {
			isa = XCBuildConfiguration;
			baseConfigurationReference = D5DFB43BD1D4539CAAE41025 /* Pods-SoftwareEngineeringTwitterApp.release.xcconfig */;
			buildSettings = {
				ASSETCATALOG_COMPILER_APPICON_NAME = AppIcon;
				CODE_SIGN_STYLE = Automatic;
				DEVELOPMENT_TEAM = 97K3K7BYBU;
				INFOPLIST_FILE = SoftwareEngineeringTwitterApp/Info.plist;
				LD_RUNPATH_SEARCH_PATHS = (
					"$(inherited)",
					"@executable_path/Frameworks",
				);
				PRODUCT_BUNDLE_IDENTIFIER = com.example.SoftwareEngineeringTwitterApp;
				PRODUCT_NAME = "$(TARGET_NAME)";
				SWIFT_VERSION = 4.2;
				TARGETED_DEVICE_FAMILY = "1,2";
			};
			name = Release;
		};
		A8FD8E292224901E00C7F62C /* Debug */ = {
			isa = XCBuildConfiguration;
			buildSettings = {
				ALWAYS_EMBED_SWIFT_STANDARD_LIBRARIES = YES;
				BUNDLE_LOADER = "$(TEST_HOST)";
				CODE_SIGN_STYLE = Automatic;
				DEVELOPMENT_TEAM = 97K3K7BYBU;
				INFOPLIST_FILE = SoftwareEngineeringTwitterAppTests/Info.plist;
				LD_RUNPATH_SEARCH_PATHS = (
					"$(inherited)",
					"@executable_path/Frameworks",
					"@loader_path/Frameworks",
				);
				PRODUCT_BUNDLE_IDENTIFIER = com.example.SoftwareEngineeringTwitterAppTests;
				PRODUCT_NAME = "$(TARGET_NAME)";
				SWIFT_VERSION = 4.2;
				TARGETED_DEVICE_FAMILY = "1,2";
				TEST_HOST = "$(BUILT_PRODUCTS_DIR)/SoftwareEngineeringTwitterApp.app/SoftwareEngineeringTwitterApp";
			};
			name = Debug;
		};
		A8FD8E2A2224901E00C7F62C /* Release */ = {
			isa = XCBuildConfiguration;
			buildSettings = {
				ALWAYS_EMBED_SWIFT_STANDARD_LIBRARIES = YES;
				BUNDLE_LOADER = "$(TEST_HOST)";
				CODE_SIGN_STYLE = Automatic;
				DEVELOPMENT_TEAM = 97K3K7BYBU;
				INFOPLIST_FILE = SoftwareEngineeringTwitterAppTests/Info.plist;
				LD_RUNPATH_SEARCH_PATHS = (
					"$(inherited)",
					"@executable_path/Frameworks",
					"@loader_path/Frameworks",
				);
				PRODUCT_BUNDLE_IDENTIFIER = com.example.SoftwareEngineeringTwitterAppTests;
				PRODUCT_NAME = "$(TARGET_NAME)";
				SWIFT_VERSION = 4.2;
				TARGETED_DEVICE_FAMILY = "1,2";
				TEST_HOST = "$(BUILT_PRODUCTS_DIR)/SoftwareEngineeringTwitterApp.app/SoftwareEngineeringTwitterApp";
			};
			name = Release;
		};
/* End XCBuildConfiguration section */

/* Begin XCConfigurationList section */
		A8FD8E032224901C00C7F62C /* Build configuration list for PBXProject "SoftwareEngineeringTwitterApp" */ = {
			isa = XCConfigurationList;
			buildConfigurations = (
				A8FD8E232224901E00C7F62C /* Debug */,
				A8FD8E242224901E00C7F62C /* Release */,
			);
			defaultConfigurationIsVisible = 0;
			defaultConfigurationName = Release;
		};
		A8FD8E252224901E00C7F62C /* Build configuration list for PBXNativeTarget "SoftwareEngineeringTwitterApp" */ = {
			isa = XCConfigurationList;
			buildConfigurations = (
				A8FD8E262224901E00C7F62C /* Debug */,
				A8FD8E272224901E00C7F62C /* Release */,
			);
			defaultConfigurationIsVisible = 0;
			defaultConfigurationName = Release;
		};
		A8FD8E282224901E00C7F62C /* Build configuration list for PBXNativeTarget "SoftwareEngineeringTwitterAppTests" */ = {
			isa = XCConfigurationList;
			buildConfigurations = (
				A8FD8E292224901E00C7F62C /* Debug */,
				A8FD8E2A2224901E00C7F62C /* Release */,
			);
			defaultConfigurationIsVisible = 0;
			defaultConfigurationName = Release;
		};
/* End XCConfigurationList section */
	};
	rootObject = A8FD8E002224901C00C7F62C /* Project object */;
}
